{
  "name": "@referencio/showdown-eval",
  "version": "1.0.0",
  "lockfileVersion": 1,
  "requires": true,
  "dependencies": {
    "@types/node": {
      "version": "10.5.0",
      "resolved": "https://registry.npmjs.org/@types/node/-/node-10.5.0.tgz",
      "integrity": "sha512-baXPuqA7EVcBUpA5so2K26DTzk7NCWBc9xrPMu9PbUMwgusJRm9zJBPhiDmJVEcnTQ3aOxUZeuFHpd9qMYDNRg==",
      "dev": true
    },
    "typescript": {
      "version": "3.0.0-dev.20180628",
      "resolved": "https://registry.npmjs.org/typescript/-/typescript-3.0.0-dev.20180628.tgz",
      "integrity": "sha512-BVzzZyFSo21+/qnBdFrqvknaxQoOVir6IPVSJ4r+23sgcw7ePSEki7ReKNn99C/iknqpxSbXnezAk3I2BYEaZw=="
    }
  }
}
